
Microsoft Visual Studio Solution File, Format Version 12.00
# Visual Studio 15
VisualStudioVersion = 15.0.27703.2047
MinimumVisualStudioVersion = 10.0.40219.1
Project("{FAE04EC0-301F-11D3-BF4B-00C04F79EFBC}") = "Testing 2", "Testing 2\Testing 2.csproj", "{1626B874-3572-4064-9877-23DD2A51B45F}"
EndProject
Global
	GlobalSection(SolutionConfigurationPlatforms) = preSolution
		Debug|Any CPU = Debug|Any CPU
		Release|Any CPU = Release|Any CPU
	EndGlobalSection
	GlobalSection(ProjectConfigurationPlatforms) = postSolution
		{1626B874-3572-4064-9877-23DD2A51B45F}.Debug|Any CPU.ActiveCfg = Debug|Any CPU
		{1626B874-3572-4064-9877-23DD2A51B45F}.Debug|Any CPU.Build.0 = Debug|Any CPU
		{1626B874-3572-4064-9877-23DD2A51B45F}.Release|Any CPU.ActiveCfg = Release|Any CPU
		{1626B874-3572-4064-9877-23DD2A51B45F}.Release|Any CPU.Build.0 = Release|Any CPU
	EndGlobalSection
	GlobalSection(SolutionProperties) = preSolution
		HideSolutionNode = FALSE
	EndGlobalSection
	GlobalSection(ExtensibilityGlobals) = postSolution
		SolutionGuid = {7478D73D-B874-4365-BA7B-196A9773A1F8}
	EndGlobalSection
EndGlobal
